// !$*UTF8*$!
{
	archiveVersion = 1;
	classes = {
	};
	objectVersion = 46;
	objects = {

/* Begin PBXBuildFile section */
		8690E431192657FF00F0D6A6 /* DataSingleton.m in Sources */ = {isa = PBXBuildFile; fileRef = 8690E430192657FF00F0D6A6 /* DataSingleton.m */; };
		86B03FA6192501A5002029D3 /* Foundation.framework in Frameworks */ = {isa = PBXBuildFile; fileRef = 86B03FA5192501A5002029D3 /* Foundation.framework */; };
		86B03FA8192501A5002029D3 /* CoreGraphics.framework in Frameworks */ = {isa = PBXBuildFile; fileRef = 86B03FA7192501A5002029D3 /* CoreGraphics.framework */; };
		86B03FAA192501A5002029D3 /* UIKit.framework in Frameworks */ = {isa = PBXBuildFile; fileRef = 86B03FA9192501A5002029D3 /* UIKit.framework */; };
		86B03FB0192501A5002029D3 /* InfoPlist.strings in Resources */ = {isa = PBXBuildFile; fileRef = 86B03FAE192501A5002029D3 /* InfoPlist.strings */; };
		86B03FB2192501A5002029D3 /* main.m in Sources */ = {isa = PBXBuildFile; fileRef = 86B03FB1192501A5002029D3 /* main.m */; };
		86B03FB6192501A5002029D3 /* AppDelegate.m in Sources */ = {isa = PBXBuildFile; fileRef = 86B03FB5192501A5002029D3 /* AppDelegate.m */; };
		86B03FB8192501A5002029D3 /* Images.xcassets in Resources */ = {isa = PBXBuildFile; fileRef = 86B03FB7192501A5002029D3 /* Images.xcassets */; };
		86B03FBF192501A5002029D3 /* XCTest.framework in Frameworks */ = {isa = PBXBuildFile; fileRef = 86B03FBE192501A5002029D3 /* XCTest.framework */; };
		86B03FC0192501A5002029D3 /* Foundation.framework in Frameworks */ = {isa = PBXBuildFile; fileRef = 86B03FA5192501A5002029D3 /* Foundation.framework */; };
		86B03FC1192501A5002029D3 /* UIKit.framework in Frameworks */ = {isa = PBXBuildFile; fileRef = 86B03FA9192501A5002029D3 /* UIKit.framework */; };
		86B03FC9192501A5002029D3 /* InfoPlist.strings in Resources */ = {isa = PBXBuildFile; fileRef = 86B03FC7192501A5002029D3 /* InfoPlist.strings */; };
		86B03FCB192501A5002029D3 /* TheRestOfTheStoryTests.m in Sources */ = {isa = PBXBuildFile; fileRef = 86B03FCA192501A5002029D3 /* TheRestOfTheStoryTests.m */; };
		86B03FD819250210002029D3 /* TestViewController.m in Sources */ = {isa = PBXBuildFile; fileRef = 86B03FD619250210002029D3 /* TestViewController.m */; };
		86B03FD919250210002029D3 /* TestViewController.xib in Resources */ = {isa = PBXBuildFile; fileRef = 86B03FD719250210002029D3 /* TestViewController.xib */; };
		86B03FDF1925026E002029D3 /* SecondViewController.m in Sources */ = {isa = PBXBuildFile; fileRef = 86B03FDD1925026E002029D3 /* SecondViewController.m */; };
		86B03FE01925026E002029D3 /* SecondViewController.xib in Resources */ = {isa = PBXBuildFile; fileRef = 86B03FDE1925026E002029D3 /* SecondViewController.xib */; };
		86B03FE519250445002029D3 /* ThirdViewController.m in Sources */ = {isa = PBXBuildFile; fileRef = 86B03FE319250445002029D3 /* ThirdViewController.m */; };
		86B03FE619250445002029D3 /* ThirdViewController.xib in Resources */ = {isa = PBXBuildFile; fileRef = 86B03FE419250445002029D3 /* ThirdViewController.xib */; };
		86B03FEB19250954002029D3 /* ItemTableViewCell.m in Sources */ = {isa = PBXBuildFile; fileRef = 86B03FE919250954002029D3 /* ItemTableViewCell.m */; };
		86B03FEC19250954002029D3 /* ItemTableViewCell.xib in Resources */ = {isa = PBXBuildFile; fileRef = 86B03FEA19250954002029D3 /* ItemTableViewCell.xib */; };
		86B03FEE19250B30002029D3 /* cat.jpg in Resources */ = {isa = PBXBuildFile; fileRef = 86B03FED19250B30002029D3 /* cat.jpg */; };
/* End PBXBuildFile section */

/* Begin PBXContainerItemProxy section */
		86B03FC2192501A5002029D3 /* PBXContainerItemProxy */ = {
			isa = PBXContainerItemProxy;
			containerPortal = 86B03F9A192501A5002029D3 /* Project object */;
			proxyType = 1;
			remoteGlobalIDString = 86B03FA1192501A5002029D3;
			remoteInfo = TheRestOfTheStory;
		};
/* End PBXContainerItemProxy section */

/* Begin PBXFileReference section */
		8690E42F192657FF00F0D6A6 /* DataSingleton.h */ = {isa = PBXFileReference; fileEncoding = 4; lastKnownFileType = sourcecode.c.h; path = DataSingleton.h; sourceTree = "<group>"; };
		8690E430192657FF00F0D6A6 /* DataSingleton.m */ = {isa = PBXFileReference; fileEncoding = 4; lastKnownFileType = sourcecode.c.objc; path = DataSingleton.m; sourceTree = "<group>"; };
		86B03FA2192501A5002029D3 /* TheRestOfTheStory.app */ = {isa = PBXFileReference; explicitFileType = wrapper.application; includeInIndex = 0; path = TheRestOfTheStory.app; sourceTree = BUILT_PRODUCTS_DIR; };
		86B03FA5192501A5002029D3 /* Foundation.framework */ = {isa = PBXFileReference; lastKnownFileType = wrapper.framework; name = Foundation.framework; path = System/Library/Frameworks/Foundation.framework; sourceTree = SDKROOT; };
		86B03FA7192501A5002029D3 /* CoreGraphics.framework */ = {isa = PBXFileReference; lastKnownFileType = wrapper.framework; name = CoreGraphics.framework; path = System/Library/Frameworks/CoreGraphics.framework; sourceTree = SDKROOT; };
		86B03FA9192501A5002029D3 /* UIKit.framework */ = {isa = PBXFileReference; lastKnownFileType = wrapper.framework; name = UIKit.framework; path = System/Library/Frameworks/UIKit.framework; sourceTree = SDKROOT; };
		86B03FAD192501A5002029D3 /* TheRestOfTheStory-Info.plist */ = {isa = PBXFileReference; lastKnownFileType = text.plist.xml; path = "TheRestOfTheStory-Info.plist"; sourceTree = "<group>"; };
		86B03FAF192501A5002029D3 /* en */ = {isa = PBXFileReference; lastKnownFileType = text.plist.strings; name = en; path = en.lproj/InfoPlist.strings; sourceTree = "<group>"; };
		86B03FB1192501A5002029D3 /* main.m */ = {isa = PBXFileReference; lastKnownFileType = sourcecode.c.objc; path = main.m; sourceTree = "<group>"; };
		86B03FB3192501A5002029D3 /* TheRestOfTheStory-Prefix.pch */ = {isa = PBXFileReference; lastKnownFileType = sourcecode.c.h; path = "TheRestOfTheStory-Prefix.pch"; sourceTree = "<group>"; };
		86B03FB4192501A5002029D3 /* AppDelegate.h */ = {isa = PBXFileReference; lastKnownFileType = sourcecode.c.h; path = AppDelegate.h; sourceTree = "<group>"; };
		86B03FB5192501A5002029D3 /* AppDelegate.m */ = {isa = PBXFileReference; lastKnownFileType = sourcecode.c.objc; path = AppDelegate.m; sourceTree = "<group>"; };
		86B03FB7192501A5002029D3 /* Images.xcassets */ = {isa = PBXFileReference; lastKnownFileType = folder.assetcatalog; path = Images.xcassets; sourceTree = "<group>"; };
		86B03FBD192501A5002029D3 /* TheRestOfTheStoryTests.xctest */ = {isa = PBXFileReference; explicitFileType = wrapper.cfbundle; includeInIndex = 0; path = TheRestOfTheStoryTests.xctest; sourceTree = BUILT_PRODUCTS_DIR; };
		86B03FBE192501A5002029D3 /* XCTest.framework */ = {isa = PBXFileReference; lastKnownFileType = wrapper.framework; name = XCTest.framework; path = Library/Frameworks/XCTest.framework; sourceTree = DEVELOPER_DIR; };
		86B03FC6192501A5002029D3 /* TheRestOfTheStoryTests-Info.plist */ = {isa = PBXFileReference; lastKnownFileType = text.plist.xml; path = "TheRestOfTheStoryTests-Info.plist"; sourceTree = "<group>"; };
		86B03FC8192501A5002029D3 /* en */ = {isa = PBXFileReference; lastKnownFileType = text.plist.strings; name = en; path = en.lproj/InfoPlist.strings; sourceTree = "<group>"; };
		86B03FCA192501A5002029D3 /* TheRestOfTheStoryTests.m */ = {isa = PBXFileReference; lastKnownFileType = sourcecode.c.objc; path = TheRestOfTheStoryTests.m; sourceTree = "<group>"; };
		86B03FD519250210002029D3 /* TestViewController.h */ = {isa = PBXFileReference; fileEncoding = 4; lastKnownFileType = sourcecode.c.h; path = TestViewController.h; sourceTree = "<group>"; };
		86B03FD619250210002029D3 /* TestViewController.m */ = {isa = PBXFileReference; fileEncoding = 4; lastKnownFileType = sourcecode.c.objc; path = TestViewController.m; sourceTree = "<group>"; };
		86B03FD719250210002029D3 /* TestViewController.xib */ = {isa = PBXFileReference; fileEncoding = 4; lastKnownFileType = file.xib; path = TestViewController.xib; sourceTree = "<group>"; };
		86B03FDC1925026E002029D3 /* SecondViewController.h */ = {isa = PBXFileReference; fileEncoding = 4; lastKnownFileType = sourcecode.c.h; path = SecondViewController.h; sourceTree = "<group>"; };
		86B03FDD1925026E002029D3 /* SecondViewController.m */ = {isa = PBXFileReference; fileEncoding = 4; lastKnownFileType = sourcecode.c.objc; path = SecondViewController.m; sourceTree = "<group>"; };
		86B03FDE1925026E002029D3 /* SecondViewController.xib */ = {isa = PBXFileReference; fileEncoding = 4; lastKnownFileType = file.xib; path = SecondViewController.xib; sourceTree = "<group>"; };
		86B03FE219250445002029D3 /* ThirdViewController.h */ = {isa = PBXFileReference; fileEncoding = 4; lastKnownFileType = sourcecode.c.h; path = ThirdViewController.h; sourceTree = "<group>"; };
		86B03FE319250445002029D3 /* ThirdViewController.m */ = {isa = PBXFileReference; fileEncoding = 4; lastKnownFileType = sourcecode.c.objc; path = ThirdViewController.m; sourceTree = "<group>"; };
		86B03FE419250445002029D3 /* ThirdViewController.xib */ = {isa = PBXFileReference; fileEncoding = 4; lastKnownFileType = file.xib; path = ThirdViewController.xib; sourceTree = "<group>"; };
		86B03FE819250954002029D3 /* ItemTableViewCell.h */ = {isa = PBXFileReference; fileEncoding = 4; lastKnownFileType = sourcecode.c.h; path = ItemTableViewCell.h; sourceTree = "<group>"; };
		86B03FE919250954002029D3 /* ItemTableViewCell.m */ = {isa = PBXFileReference; fileEncoding = 4; lastKnownFileType = sourcecode.c.objc; path = ItemTableViewCell.m; sourceTree = "<group>"; };
		86B03FEA19250954002029D3 /* ItemTableViewCell.xib */ = {isa = PBXFileReference; fileEncoding = 4; lastKnownFileType = file.xib; path = ItemTableViewCell.xib; sourceTree = "<group>"; };
		86B03FED19250B30002029D3 /* cat.jpg */ = {isa = PBXFileReference; lastKnownFileType = image.jpeg; path = cat.jpg; sourceTree = "<group>"; };
/* End PBXFileReference section */

/* Begin PBXFrameworksBuildPhase section */
		86B03F9F192501A5002029D3 /* Frameworks */ = {
			isa = PBXFrameworksBuildPhase;
			buildActionMask = 2147483647;
			files = (
				86B03FA8192501A5002029D3 /* CoreGraphics.framework in Frameworks */,
				86B03FAA192501A5002029D3 /* UIKit.framework in Frameworks */,
				86B03FA6192501A5002029D3 /* Foundation.framework in Frameworks */,
			);
			runOnlyForDeploymentPostprocessing = 0;
		};
		86B03FBA192501A5002029D3 /* Frameworks */ = {
			isa = PBXFrameworksBuildPhase;
			buildActionMask = 2147483647;
			files = (
				86B03FBF192501A5002029D3 /* XCTest.framework in Frameworks */,
				86B03FC1192501A5002029D3 /* UIKit.framework in Frameworks */,
				86B03FC0192501A5002029D3 /* Foundation.framework in Frameworks */,
			);
			runOnlyForDeploymentPostprocessing = 0;
		};
/* End PBXFrameworksBuildPhase section */

/* Begin PBXGroup section */
		8690E42E1926578A00F0D6A6 /* Singletons */ = {
			isa = PBXGroup;
			children = (
				8690E42F192657FF00F0D6A6 /* DataSingleton.h */,
				8690E430192657FF00F0D6A6 /* DataSingleton.m */,
			);
			name = Singletons;
			sourceTree = "<group>";
		};
		86B03F99192501A5002029D3 = {
			isa = PBXGroup;
			children = (
				86B03FAB192501A5002029D3 /* TheRestOfTheStory */,
				86B03FC4192501A5002029D3 /* TheRestOfTheStoryTests */,
				86B03FA4192501A5002029D3 /* Frameworks */,
				86B03FA3192501A5002029D3 /* Products */,
			);
			sourceTree = "<group>";
		};
		86B03FA3192501A5002029D3 /* Products */ = {
			isa = PBXGroup;
			children = (
				86B03FA2192501A5002029D3 /* TheRestOfTheStory.app */,
				86B03FBD192501A5002029D3 /* TheRestOfTheStoryTests.xctest */,
			);
			name = Products;
			sourceTree = "<group>";
		};
		86B03FA4192501A5002029D3 /* Frameworks */ = {
			isa = PBXGroup;
			children = (
				86B03FA5192501A5002029D3 /* Foundation.framework */,
				86B03FA7192501A5002029D3 /* CoreGraphics.framework */,
				86B03FA9192501A5002029D3 /* UIKit.framework */,
				86B03FBE192501A5002029D3 /* XCTest.framework */,
			);
			name = Frameworks;
			sourceTree = "<group>";
		};
		86B03FAB192501A5002029D3 /* TheRestOfTheStory */ = {
			isa = PBXGroup;
			children = (
				86B03FB4192501A5002029D3 /* AppDelegate.h */,
				86B03FB5192501A5002029D3 /* AppDelegate.m */,
				8690E42E1926578A00F0D6A6 /* Singletons */,
				86B03FE719250936002029D3 /* Views */,
				86B03FD4192501F8002029D3 /* Controllers */,
				86B03FB7192501A5002029D3 /* Images.xcassets */,
				86B03FAC192501A5002029D3 /* Supporting Files */,
			);
			path = TheRestOfTheStory;
			sourceTree = "<group>";
		};
		86B03FAC192501A5002029D3 /* Supporting Files */ = {
			isa = PBXGroup;
			children = (
				86B03FED19250B30002029D3 /* cat.jpg */,
				86B03FAD192501A5002029D3 /* TheRestOfTheStory-Info.plist */,
				86B03FAE192501A5002029D3 /* InfoPlist.strings */,
				86B03FB1192501A5002029D3 /* main.m */,
				86B03FB3192501A5002029D3 /* TheRestOfTheStory-Prefix.pch */,
			);
			name = "Supporting Files";
			sourceTree = "<group>";
		};
		86B03FC4192501A5002029D3 /* TheRestOfTheStoryTests */ = {
			isa = PBXGroup;
			children = (
				86B03FCA192501A5002029D3 /* TheRestOfTheStoryTests.m */,
				86B03FC5192501A5002029D3 /* Supporting Files */,
			);
			path = TheRestOfTheStoryTests;
			sourceTree = "<group>";
		};
		86B03FC5192501A5002029D3 /* Supporting Files */ = {
			isa = PBXGroup;
			children = (
				86B03FC6192501A5002029D3 /* TheRestOfTheStoryTests-Info.plist */,
				86B03FC7192501A5002029D3 /* InfoPlist.strings */,
			);
			name = "Supporting Files";
			sourceTree = "<group>";
		};
		86B03FD4192501F8002029D3 /* Controllers */ = {
			isa = PBXGroup;
			children = (
				86B03FE11925043D002029D3 /* Third */,
				86B03FDB1925025A002029D3 /* Second */,
				86B03FDA19250252002029D3 /* Test */,
			);
			name = Controllers;
			sourceTree = "<group>";
		};
		86B03FDA19250252002029D3 /* Test */ = {
			isa = PBXGroup;
			children = (
				86B03FD519250210002029D3 /* TestViewController.h */,
				86B03FD619250210002029D3 /* TestViewController.m */,
				86B03FD719250210002029D3 /* TestViewController.xib */,
			);
			name = Test;
			sourceTree = "<group>";
		};
		86B03FDB1925025A002029D3 /* Second */ = {
			isa = PBXGroup;
			children = (
				86B03FDC1925026E002029D3 /* SecondViewController.h */,
				86B03FDD1925026E002029D3 /* SecondViewController.m */,
				86B03FDE1925026E002029D3 /* SecondViewController.xib */,
			);
			name = Second;
			sourceTree = "<group>";
		};
		86B03FE11925043D002029D3 /* Third */ = {
			isa = PBXGroup;
			children = (
				86B03FE219250445002029D3 /* ThirdViewController.h */,
				86B03FE319250445002029D3 /* ThirdViewController.m */,
				86B03FE419250445002029D3 /* ThirdViewController.xib */,
			);
			name = Third;
			sourceTree = "<group>";
		};
		86B03FE719250936002029D3 /* Views */ = {
			isa = PBXGroup;
			children = (
				86B03FE819250954002029D3 /* ItemTableViewCell.h */,
				86B03FE919250954002029D3 /* ItemTableViewCell.m */,
				86B03FEA19250954002029D3 /* ItemTableViewCell.xib */,
			);
			name = Views;
			sourceTree = "<group>";
		};
/* End PBXGroup section */

/* Begin PBXNativeTarget section */
		86B03FA1192501A5002029D3 /* TheRestOfTheStory */ = {
			isa = PBXNativeTarget;
			buildConfigurationList = 86B03FCE192501A5002029D3 /* Build configuration list for PBXNativeTarget "TheRestOfTheStory" */;
			buildPhases = (
				86B03F9E192501A5002029D3 /* Sources */,
				86B03F9F192501A5002029D3 /* Frameworks */,
				86B03FA0192501A5002029D3 /* Resources */,
			);
			buildRules = (
			);
			dependencies = (
			);
			name = TheRestOfTheStory;
			productName = TheRestOfTheStory;
			productReference = 86B03FA2192501A5002029D3 /* TheRestOfTheStory.app */;
			productType = "com.apple.product-type.application";
		};
		86B03FBC192501A5002029D3 /* TheRestOfTheStoryTests */ = {
			isa = PBXNativeTarget;
			buildConfigurationList = 86B03FD1192501A5002029D3 /* Build configuration list for PBXNativeTarget "TheRestOfTheStoryTests" */;
			buildPhases = (
				86B03FB9192501A5002029D3 /* Sources */,
				86B03FBA192501A5002029D3 /* Frameworks */,
				86B03FBB192501A5002029D3 /* Resources */,
			);
			buildRules = (
			);
			dependencies = (
				86B03FC3192501A5002029D3 /* PBXTargetDependency */,
			);
			name = TheRestOfTheStoryTests;
			productName = TheRestOfTheStoryTests;
			productReference = 86B03FBD192501A5002029D3 /* TheRestOfTheStoryTests.xctest */;
			productType = "com.apple.product-type.bundle.unit-test";
		};
/* End PBXNativeTarget section */

/* Begin PBXProject section */
		86B03F9A192501A5002029D3 /* Project object */ = {
			isa = PBXProject;
			attributes = {
				LastUpgradeCheck = 0510;
				ORGANIZATIONNAME = MattIsTheGreatest;
				TargetAttributes = {
					86B03FBC192501A5002029D3 = {
						TestTargetID = 86B03FA1192501A5002029D3;
					};
				};
			};
			buildConfigurationList = 86B03F9D192501A5002029D3 /* Build configuration list for PBXProject "TheRestOfTheStory" */;
			compatibilityVersion = "Xcode 3.2";
			developmentRegion = English;
			hasScannedForEncodings = 0;
			knownRegions = (
				en,
			);
			mainGroup = 86B03F99192501A5002029D3;
			productRefGroup = 86B03FA3192501A5002029D3 /* Products */;
			projectDirPath = "";
			projectRoot = "";
			targets = (
				86B03FA1192501A5002029D3 /* TheRestOfTheStory */,
				86B03FBC192501A5002029D3 /* TheRestOfTheStoryTests */,
			);
		};
/* End PBXProject section */

/* Begin PBXResourcesBuildPhase section */
		86B03FA0192501A5002029D3 /* Resources */ = {
			isa = PBXResourcesBuildPhase;
			buildActionMask = 2147483647;
			files = (
				86B03FE01925026E002029D3 /* SecondViewController.xib in Resources */,
				86B03FB0192501A5002029D3 /* InfoPlist.strings in Resources */,
				86B03FD919250210002029D3 /* TestViewController.xib in Resources */,
				86B03FE619250445002029D3 /* ThirdViewController.xib in Resources */,
				86B03FEC19250954002029D3 /* ItemTableViewCell.xib in Resources */,
				86B03FEE19250B30002029D3 /* cat.jpg in Resources */,
				86B03FB8192501A5002029D3 /* Images.xcassets in Resources */,
			);
			runOnlyForDeploymentPostprocessing = 0;
		};
		86B03FBB192501A5002029D3 /* Resources */ = {
			isa = PBXResourcesBuildPhase;
			buildActionMask = 2147483647;
			files = (
				86B03FC9192501A5002029D3 /* InfoPlist.strings in Resources */,
			);
			runOnlyForDeploymentPostprocessing = 0;
		};
/* End PBXResourcesBuildPhase section */

/* Begin PBXSourcesBuildPhase section */
		86B03F9E192501A5002029D3 /* Sources */ = {
			isa = PBXSourcesBuildPhase;
			buildActionMask = 2147483647;
			files = (
				8690E431192657FF00F0D6A6 /* DataSingleton.m in Sources */,
				86B03FEB19250954002029D3 /* ItemTableViewCell.m in Sources */,
				86B03FDF1925026E002029D3 /* SecondViewController.m in Sources */,
				86B03FE519250445002029D3 /* ThirdViewController.m in Sources */,
				86B03FD819250210002029D3 /* TestViewController.m in Sources */,
				86B03FB6192501A5002029D3 /* AppDelegate.m in Sources */,
				86B03FB2192501A5002029D3 /* main.m in Sources */,
			);
			runOnlyForDeploymentPostprocessing = 0;
		};
		86B03FB9192501A5002029D3 /* Sources */ = {
			isa = PBXSourcesBuildPhase;
			buildActionMask = 2147483647;
			files = (
				86B03FCB192501A5002029D3 /* TheRestOfTheStoryTests.m in Sources */,
			);
			runOnlyForDeploymentPostprocessing = 0;
		};
/* End PBXSourcesBuildPhase section */

/* Begin PBXTargetDependency section */
		86B03FC3192501A5002029D3 /* PBXTargetDependency */ = {
			isa = PBXTargetDependency;
			target = 86B03FA1192501A5002029D3 /* TheRestOfTheStory */;
			targetProxy = 86B03FC2192501A5002029D3 /* PBXContainerItemProxy */;
		};
/* End PBXTargetDependency section */

/* Begin PBXVariantGroup section */
		86B03FAE192501A5002029D3 /* InfoPlist.strings */ = {
			isa = PBXVariantGroup;
			children = (
				86B03FAF192501A5002029D3 /* en */,
			);
			name = InfoPlist.strings;
			sourceTree = "<group>";
		};
		86B03FC7192501A5002029D3 /* InfoPlist.strings */ = {
			isa = PBXVariantGroup;
			children = (
				86B03FC8192501A5002029D3 /* en */,
			);
			name = InfoPlist.strings;
			sourceTree = "<group>";
		};
/* End PBXVariantGroup section */

/* Begin XCBuildConfiguration section */
		86B03FCC192501A5002029D3 /* Debug */ = {
			isa = XCBuildConfiguration;
			buildSettings = {
				ALWAYS_SEARCH_USER_PATHS = NO;
				CLANG_CXX_LANGUAGE_STANDARD = "gnu++0x";
				CLANG_CXX_LIBRARY = "libc++";
				CLANG_ENABLE_MODULES = YES;
				CLANG_ENABLE_OBJC_ARC = YES;
				CLANG_WARN_BOOL_CONVERSION = YES;
				CLANG_WARN_CONSTANT_CONVERSION = YES;
				CLANG_WARN_DIRECT_OBJC_ISA_USAGE = YES_ERROR;
				CLANG_WARN_EMPTY_BODY = YES;
				CLANG_WARN_ENUM_CONVERSION = YES;
				CLANG_WARN_INT_CONVERSION = YES;
				CLANG_WARN_OBJC_ROOT_CLASS = YES_ERROR;
				CLANG_WARN__DUPLICATE_METHOD_MATCH = YES;
				"CODE_SIGN_IDENTITY[sdk=iphoneos*]" = "iPhone Developer";
				COPY_PHASE_STRIP = NO;
				GCC_C_LANGUAGE_STANDARD = gnu99;
				GCC_DYNAMIC_NO_PIC = NO;
				GCC_OPTIMIZATION_LEVEL = 0;
				GCC_PREPROCESSOR_DEFINITIONS = (
					"DEBUG=1",
					"$(inherited)",
				);
				GCC_SYMBOLS_PRIVATE_EXTERN = NO;
				GCC_WARN_64_TO_32_BIT_CONVERSION = YES;
				GCC_WARN_ABOUT_RETURN_TYPE = YES_ERROR;
				GCC_WARN_UNDECLARED_SELECTOR = YES;
				GCC_WARN_UNINITIALIZED_AUTOS = YES_AGGRESSIVE;
				GCC_WARN_UNUSED_FUNCTION = YES;
				GCC_WARN_UNUSED_VARIABLE = YES;
				IPHONEOS_DEPLOYMENT_TARGET = 7.1;
				ONLY_ACTIVE_ARCH = YES;
				SDKROOT = iphoneos;
			};
			name = Debug;
		};
		86B03FCD192501A5002029D3 /* Release */ = {
			isa = XCBuildConfiguration;
			buildSettings = {
				ALWAYS_SEARCH_USER_PATHS = NO;
				CLANG_CXX_LANGUAGE_STANDARD = "gnu++0x";
				CLANG_CXX_LIBRARY = "libc++";
				CLANG_ENABLE_MODULES = YES;
				CLANG_ENABLE_OBJC_ARC = YES;
				CLANG_WARN_BOOL_CONVERSION = YES;
				CLANG_WARN_CONSTANT_CONVERSION = YES;
				CLANG_WARN_DIRECT_OBJC_ISA_USAGE = YES_ERROR;
				CLANG_WARN_EMPTY_BODY = YES;
				CLANG_WARN_ENUM_CONVERSION = YES;
				CLANG_WARN_INT_CONVERSION = YES;
				CLANG_WARN_OBJC_ROOT_CLASS = YES_ERROR;
				CLANG_WARN__DUPLICATE_METHOD_MATCH = YES;
				"CODE_SIGN_IDENTITY[sdk=iphoneos*]" = "iPhone Developer";
				COPY_PHASE_STRIP = YES;
				ENABLE_NS_ASSERTIONS = NO;
				GCC_C_LANGUAGE_STANDARD = gnu99;
				GCC_WARN_64_TO_32_BIT_CONVERSION = YES;
				GCC_WARN_ABOUT_RETURN_TYPE = YES_ERROR;
				GCC_WARN_UNDECLARED_SELECTOR = YES;
				GCC_WARN_UNINITIALIZED_AUTOS = YES_AGGRESSIVE;
				GCC_WARN_UNUSED_FUNCTION = YES;
				GCC_WARN_UNUSED_VARIABLE = YES;
				IPHONEOS_DEPLOYMENT_TARGET = 7.1;
				SDKROOT = iphoneos;
				VALIDATE_PRODUCT = YES;
			};
			name = Release;
		};
		86B03FCF192501A5002029D3 /* Debug */ = {
			isa = XCBuildConfiguration;
			buildSettings = {
				ASSETCATALOG_COMPILER_APPICON_NAME = AppIcon;
				ASSETCATALOG_COMPILER_LAUNCHIMAGE_NAME = LaunchImage;
				GCC_PRECOMPILE_PREFIX_HEADER = YES;
				GCC_PREFIX_HEADER = "TheRestOfTheStory/TheRestOfTheStory-Prefix.pch";
				INFOPLIST_FILE = "TheRestOfTheStory/TheRestOfTheStory-Info.plist";
				PRODUCT_NAME = "$(TARGET_NAME)";
				WRAPPER_EXTENSION = app;
			};
			name = Debug;
		};
		86B03FD0192501A5002029D3 /* Release */ = {
			isa = XCBuildConfiguration;
			buildSettings = {
				ASSETCATALOG_COMPILER_APPICON_NAME = AppIcon;
				ASSETCATALOG_COMPILER_LAUNCHIMAGE_NAME = LaunchImage;
				GCC_PRECOMPILE_PREFIX_HEADER = YES;
				GCC_PREFIX_HEADER = "TheRestOfTheStory/TheRestOfTheStory-Prefix.pch";
				INFOPLIST_FILE = "TheRestOfTheStory/TheRestOfTheStory-Info.plist";
				PRODUCT_NAME = "$(TARGET_NAME)";
				WRAPPER_EXTENSION = app;
			};
			name = Release;
		};
		86B03FD2192501A5002029D3 /* Debug */ = {
			isa = XCBuildConfiguration;
			buildSettings = {
				BUNDLE_LOADER = "$(BUILT_PRODUCTS_DIR)/TheRestOfTheStory.app/TheRestOfTheStory";
				FRAMEWORK_SEARCH_PATHS = (
					"$(SDKROOT)/Developer/Library/Frameworks",
					"$(inherited)",
					"$(DEVELOPER_FRAMEWORKS_DIR)",
				);
				GCC_PRECOMPILE_PREFIX_HEADER = YES;
				GCC_PREFIX_HEADER = "TheRestOfTheStory/TheRestOfTheStory-Prefix.pch";
				GCC_PREPROCESSOR_DEFINITIONS = (
					"DEBUG=1",
					"$(inherited)",
				);
				INFOPLIST_FILE = "TheRestOfTheStoryTests/TheRestOfTheStoryTests-Info.plist";
				PRODUCT_NAME = "$(TARGET_NAME)";
				TEST_HOST = "$(BUNDLE_LOADER)";
				WRAPPER_EXTENSION = xctest;
			};
			name = Debug;
		};
		86B03FD3192501A5002029D3 /* Release */ = {
			isa = XCBuildConfiguration;
			buildSettings = {
				BUNDLE_LOADER = "$(BUILT_PRODUCTS_DIR)/TheRestOfTheStory.app/TheRestOfTheStory";
				FRAMEWORK_SEARCH_PATHS = (
					"$(SDKROOT)/Developer/Library/Frameworks",
					"$(inherited)",
					"$(DEVELOPER_FRAMEWORKS_DIR)",
				);
				GCC_PRECOMPILE_PREFIX_HEADER = YES;
				GCC_PREFIX_HEADER = "TheRestOfTheStory/TheRestOfTheStory-Prefix.pch";
				INFOPLIST_FILE = "TheRestOfTheStoryTests/TheRestOfTheStoryTests-Info.plist";
				PRODUCT_NAME = "$(TARGET_NAME)";
				TEST_HOST = "$(BUNDLE_LOADER)";
				WRAPPER_EXTENSION = xctest;
			};
			name = Release;
		};
/* End XCBuildConfiguration section */

/* Begin XCConfigurationList section */
		86B03F9D192501A5002029D3 /* Build configuration list for PBXProject "TheRestOfTheStory" */ = {
			isa = XCConfigurationList;
			buildConfigurations = (
				86B03FCC192501A5002029D3 /* Debug */,
				86B03FCD192501A5002029D3 /* Release */,
			);
			defaultConfigurationIsVisible = 0;
			defaultConfigurationName = Release;
		};
		86B03FCE192501A5002029D3 /* Build configuration list for PBXNativeTarget "TheRestOfTheStory" */ = {
			isa = XCConfigurationList;
			buildConfigurations = (
				86B03FCF192501A5002029D3 /* Debug */,
				86B03FD0192501A5002029D3 /* Release */,
			);
			defaultConfigurationIsVisible = 0;
			defaultConfigurationName = Release;
		};
		86B03FD1192501A5002029D3 /* Build configuration list for PBXNativeTarget "TheRestOfTheStoryTests" */ = {
			isa = XCConfigurationList;
			buildConfigurations = (
				86B03FD2192501A5002029D3 /* Debug */,
				86B03FD3192501A5002029D3 /* Release */,
			);
			defaultConfigurationIsVisible = 0;
			defaultConfigurationName = Release;
		};
/* End XCConfigurationList section */
	};
	rootObject = 86B03F9A192501A5002029D3 /* Project object */;
}
